
Microsoft Visual Studio Solution File, Format Version 12.00
# Visual Studio Version 16
VisualStudioVersion = 16.0.31515.178
MinimumVisualStudioVersion = 10.0.40219.1
Project("{FAE04EC0-301F-11D3-BF4B-00C04F79EFBC}") = "CalculatorApi", "CalculatorApi\CalculatorApi.csproj", "{C6FB637D-699D-4740-A264-902D08B8046E}"
EndProject
Global
	GlobalSection(SolutionConfigurationPlatforms) = preSolution
		Debug|Any CPU = Debug|Any CPU
		Release|Any CPU = Release|Any CPU
	EndGlobalSection
	GlobalSection(ProjectConfigurationPlatforms) = postSolution
		{C6FB637D-699D-4740-A264-902D08B8046E}.Debug|Any CPU.ActiveCfg = Debug|Any CPU
		{C6FB637D-699D-4740-A264-902D08B8046E}.Debug|Any CPU.Build.0 = Debug|Any CPU
		{C6FB637D-699D-4740-A264-902D08B8046E}.Release|Any CPU.ActiveCfg = Release|Any CPU
		{C6FB637D-699D-4740-A264-902D08B8046E}.Release|Any CPU.Build.0 = Release|Any CPU
	EndGlobalSection
	GlobalSection(SolutionProperties) = preSolution
		HideSolutionNode = FALSE
	EndGlobalSection
	GlobalSection(ExtensibilityGlobals) = postSolution
		SolutionGuid = {E87C2368-6A6F-4392-B13F-CD8D18E6A5D8}
	EndGlobalSection
EndGlobal
